
Microsoft Visual Studio Solution File, Format Version 12.00
# Visual Studio 2015
Project("{FAE04EC0-301F-11D3-BF4B-00C04F79EFBC}") = "Project 2D.CSharp.Plugins", "Project 2D.CSharp.Plugins.csproj", "{F1C61102-690A-AC7E-B03A-416C07E21FC6}"
EndProject
Project("{FAE04EC0-301F-11D3-BF4B-00C04F79EFBC}") = "Project 2D.CSharp", "Project 2D.CSharp.csproj", "{572648F0-CBA9-8CF5-26E4-7EB9C05D65A0}"
EndProject
Project("{FAE04EC0-301F-11D3-BF4B-00C04F79EFBC}") = "Project 2D.CSharp.Editor", "Project 2D.CSharp.Editor.csproj", "{D6C6B624-1F5B-029C-F6DC-7D2526E043AA}"
EndProject
Global
	GlobalSection(SolutionConfigurationPlatforms) = preSolution
		Debug|Any CPU = Debug|Any CPU
		Release|Any CPU = Release|Any CPU
	EndGlobalSection
	GlobalSection(ProjectConfigurationPlatforms) = postSolution
		{F1C61102-690A-AC7E-B03A-416C07E21FC6}.Debug|Any CPU.ActiveCfg = Debug|Any CPU
		{F1C61102-690A-AC7E-B03A-416C07E21FC6}.Debug|Any CPU.Build.0 = Debug|Any CPU
		{F1C61102-690A-AC7E-B03A-416C07E21FC6}.Release|Any CPU.ActiveCfg = Release|Any CPU
		{F1C61102-690A-AC7E-B03A-416C07E21FC6}.Release|Any CPU.Build.0 = Release|Any CPU
		{572648F0-CBA9-8CF5-26E4-7EB9C05D65A0}.Debug|Any CPU.ActiveCfg = Debug|Any CPU
		{572648F0-CBA9-8CF5-26E4-7EB9C05D65A0}.Debug|Any CPU.Build.0 = Debug|Any CPU
		{572648F0-CBA9-8CF5-26E4-7EB9C05D65A0}.Release|Any CPU.ActiveCfg = Release|Any CPU
		{572648F0-CBA9-8CF5-26E4-7EB9C05D65A0}.Release|Any CPU.Build.0 = Release|Any CPU
		{D6C6B624-1F5B-029C-F6DC-7D2526E043AA}.Debug|Any CPU.ActiveCfg = Debug|Any CPU
		{D6C6B624-1F5B-029C-F6DC-7D2526E043AA}.Debug|Any CPU.Build.0 = Debug|Any CPU
		{D6C6B624-1F5B-029C-F6DC-7D2526E043AA}.Release|Any CPU.ActiveCfg = Release|Any CPU
		{D6C6B624-1F5B-029C-F6DC-7D2526E043AA}.Release|Any CPU.Build.0 = Release|Any CPU
	EndGlobalSection
	GlobalSection(SolutionProperties) = preSolution
		HideSolutionNode = FALSE
	EndGlobalSection
EndGlobal
